
Microsoft Visual Studio Solution File, Format Version 12.00
# Visual Studio Version 17
VisualStudioVersion = 17.7.34202.233
MinimumVisualStudioVersion = 10.0.40219.1
Project("{54A90642-561A-4BB1-A94E-469ADEE60C69}") = "weatherappts", "WeatherAppTS\weatherappts.esproj", "{1D539E9A-3B65-43E1-8D39-7F3ADF68068C}"
EndProject
Global
	GlobalSection(SolutionConfigurationPlatforms) = preSolution
		Debug|Any CPU = Debug|Any CPU
		Release|Any CPU = Release|Any CPU
	EndGlobalSection
	GlobalSection(ProjectConfigurationPlatforms) = postSolution
		{1D539E9A-3B65-43E1-8D39-7F3ADF68068C}.Debug|Any CPU.ActiveCfg = Debug|Any CPU
		{1D539E9A-3B65-43E1-8D39-7F3ADF68068C}.Debug|Any CPU.Build.0 = Debug|Any CPU
		{1D539E9A-3B65-43E1-8D39-7F3ADF68068C}.Debug|Any CPU.Deploy.0 = Debug|Any CPU
		{1D539E9A-3B65-43E1-8D39-7F3ADF68068C}.Release|Any CPU.ActiveCfg = Release|Any CPU
		{1D539E9A-3B65-43E1-8D39-7F3ADF68068C}.Release|Any CPU.Build.0 = Release|Any CPU
		{1D539E9A-3B65-43E1-8D39-7F3ADF68068C}.Release|Any CPU.Deploy.0 = Release|Any CPU
	EndGlobalSection
	GlobalSection(SolutionProperties) = preSolution
		HideSolutionNode = FALSE
	EndGlobalSection
	GlobalSection(ExtensibilityGlobals) = postSolution
		SolutionGuid = {E6BA00A0-B010-4120-A41A-12181BF5A912}
	EndGlobalSection
EndGlobal
